
Microsoft Visual Studio Solution File, Format Version 12.00
# Visual Studio Version 17
VisualStudioVersion = 17.7.34031.279
MinimumVisualStudioVersion = 10.0.40219.1
Project("{FAE04EC0-301F-11D3-BF4B-00C04F79EFBC}") = "MvcFei", "MvcFei\MvcFei.csproj", "{0093C939-E5FD-4087-8C44-3057E8891003}"
EndProject
Global
	GlobalSection(SolutionConfigurationPlatforms) = preSolution
		Debug|Any CPU = Debug|Any CPU
		Release|Any CPU = Release|Any CPU
	EndGlobalSection
	GlobalSection(ProjectConfigurationPlatforms) = postSolution
		{0093C939-E5FD-4087-8C44-3057E8891003}.Debug|Any CPU.ActiveCfg = Debug|Any CPU
		{0093C939-E5FD-4087-8C44-3057E8891003}.Debug|Any CPU.Build.0 = Debug|Any CPU
		{0093C939-E5FD-4087-8C44-3057E8891003}.Release|Any CPU.ActiveCfg = Release|Any CPU
		{0093C939-E5FD-4087-8C44-3057E8891003}.Release|Any CPU.Build.0 = Release|Any CPU
	EndGlobalSection
	GlobalSection(SolutionProperties) = preSolution
		HideSolutionNode = FALSE
	EndGlobalSection
	GlobalSection(ExtensibilityGlobals) = postSolution
		SolutionGuid = {4578C5D9-C9CD-4151-B8F0-60A8A2DD7878}
	EndGlobalSection
EndGlobal
